github.com/HasibAhmed99/dog v0.0.0-20250119132919-11e1f6971f19 h1:R37k7ZcbZ3kEtd9wq2EzWEbpOQTbJ2TgUotagcEoQTE=
github.com/HasibAhmed99/dog v0.0.0-20250119132919-11e1f6971f19/go.mod h1:6PASZGRbSekt3/NdNZdftFleHJ4yEF9yVh/hNAyeqfs=
github.com/HasibAhmed99/puppy v0.0.0-20250118223401-e992b771197f h1:DW8D4Hn9w3YGz2CDFty+X+C6WelPynWyHiZSZXk7OGo=
github.com/HasibAhmed99/puppy v0.0.0-20250118223401-e992b771197f/go.mod h1:zHMKEvOpHIRFfC471ZlwhW7+V6lLFJ798CcR7lMqswY=
